{
    "_meta": {
        "hash": {
            "sha256": "c13e96e72ef04a05f9d8c91bd035f98d83e5609228f95c54013fda34cb2eb168"
        },
        "pipfile-spec": 6,
        "requires": {},
        "sources": [
            {
                "name": "pypi",
                "url": "https://pypi.org/simple",
                "verify_ssl": true
            }
        ]
    },
    "default": {
        "bcoding": {
            "hashes": [
                "sha256:4bb8a10b51a36f0840ea341ae0958c3e1a83ec4c4cb2b059e896b56ffe84e270",
                "sha256:b3545ec526b1cf036a689dfb7cc1d2926f99145017a39b6a2905ff52dc0ec10b"
            ],
            "index": "pypi",
            "version": "==1.5"
        },
        "bitarray": {
            "hashes": [
                "sha256:015908355354d42973ad41ba4eca697b4b55690b3ece6d9629118273e7a9e380",
                "sha256:04fcb292637012a1551e55c00796e31b5c66d1692ca25a5ac83d23779c23cd29",
                "sha256:06770f6f7d238c2e2d251e9f5346358653ea8f3dbbedc83d18598f6c044f16b4",
                "sha256:07ed46857ed73765f2316e08f2d5108b7e694b44f4293e30fb526f3123c829d4",
                "sha256:089a4658706ec63293c153ffb1472cea1bbefb39ccfb214f52f0c1f5d10bf28e",
                "sha256:09244fa4e39ca263820dd8eca83a0175a98fb8f9bd353b4285a9ef2928b7fb41",
                "sha256:095923f084d2271f28d7430798e698f6d0b304c58b072b4f2eb0bc132321323b",
                "sha256:09c140daa13d2515609d5a2dbfd289eada200e96222671194dc72eae89bc3c7b",
                "sha256:0c3de6517df7bbac18632046e722ca9000a4aeb76da68e545437fee1e61e2bbc",
                "sha256:117a6f409dabc15320f3212d05d878cc33436c1e118e8746bf3775da2509bb7d",
                "sha256:12035756896d71e82edf6a6fb46d3ca299eadbec25140c12505d4b32f561b0da",
                "sha256:123333df4b22f12f4fc13fa4821b8ca075df59161bd41f5f189ffc791aaac10b",
                "sha256:136bd205384a3089bc22c02a365a152e61b1e8d06ec664185c90e3ab8967260c",
                "sha256:154082c814e4007bf15d8dfc576ebd4e79e9ed3626017cd53810961cee7e65d8",
                "sha256:18707458f6467072a9c3322835a299fa86df8fb3962f51afac2b50c6a4babf82",
                "sha256:1f142476b3bb80f6887b5a3a08d69bbd526093aee5a00973c26458cc16dd5e47",
                "sha256:20cc6573ac21627e0fde854d4e0450d4c97706213bac986c0d38d252452da155",
                "sha256:2448d8f5ce6d8a840a5dff1b41f5124445141530724af7ba82ec7967eabd290a",
                "sha256:252bdf94c74192b10f7fdb42683adf1403892acdce39e3e3524e8b070793b1c7",
                "sha256:2adb2ba1e7196f62587f4011b213b3609a717f92698a398904192e201ec3e29e",
                "sha256:2aeae0f2dacf546256f8720a1e8233b6735a3bf76778be701a1736d26fe4ecec",
                "sha256:2bfd32ce49d23584333087262fb367b371c74cf531f6b0c16759d59f47c847d7",
                "sha256:2fcaf220e53518762dae0701082cb70d620656eaaecf5512695a6afafa885ea6",
                "sha256:34ceedbeed9aefde10c273d44801971db8f7505f80933fbb936969ee2343b8a3",
                "sha256:36f9752b654e18f99130a2bf84f54b1e6b8fad4f5f768f4390eb9b769a64a59c",
                "sha256:38233e5793e107575be656908419d2bceab359c78c28affc386c7b88b8882b8f",
                "sha256:38e19756480bff2703155060d1849d37138a1d2242287563de112fb5bdd3217d",
                "sha256:3aa1bd71236e07f0e7ab859a130fc57645301fd1ffd64be9a9750bce51446acb",
                "sha256:3c815a7ca72a5eebcd85caaeb4d32b71af1c795e38b3dff5dcb5b6b1f3ba0b4f",
                "sha256:3d0daf70de198dcde459451c534333c0f59ab847649be013c9b88d24f0e49767",
                "sha256:42d2d0123b1e68b387f4b2fd288e1a8f0dfb991cf1d2fbc56d948c3f4a113d8d",
                "sha256:44e3944ebccbc38ebdb7bd3c37a9b6ff91d87db2dad4bf3910e2b01fbd36831b",
                "sha256:44ee266b71cd6bd7c99f937b30ac3b7627cad04777f2c12894cd0f820cb79ada",
                "sha256:47400fa421b8a3947f6676981f8d9b8581239831533dff374477ef2b86fda42f",
                "sha256:48a89c2112420ebeb163a3c273c244d542cf9315c9ce5a875d305f91adcdac24",
                "sha256:4a6a4e83ecab1fd1fc171c57334663b24c5d286b66421efac2428b7e105c5d62",
                "sha256:4c02d24051d7070b8f3b52fa9c8984fd8eb035115545f7c4be44c9825e8b58c8",
                "sha256:4d4f3e78a8c1c5bf625632488a4bdd78fe87c4603ea10443cb8f207c2a846efe",
                "sha256:50923d862e01a546f942272193612f386ec1f90cc4528b10561854902bd8aab0",
                "sha256:56f51107bb5406bfa4889064c01d5f9e7a545b3e2b53f159626c72c910fe8f07",
                "sha256:5797552e849079ff963936a037087367f20b41d5a612b07a1ba032259a2b86c8",
                "sha256:57f1fc3a089d9907859e940c6a4db3f5358013c75bba3b15156d93a58bca868e",
                "sha256:5b2816afe82feeb7948e58ca0be31c254e23307953e56d3313f293f79279fbe7",
                "sha256:5f35d5ff7334610b42632b30c27332b30db3680dd0174f86e382c3e150dfea2c",
                "sha256:60774f73151dbcabefb5acb6d97ac09a51c999f9a903ac6f8db3d8368d338969",
                "sha256:621d5658b890b99b3f8b1a678b0afed10e096d53baa767ecbcf428fce1f48415",
                "sha256:63e595ca8dab2b77104e618782764bc3b172a0e9c6f97734d5fdd299063feac0",
                "sha256:64d867953b530b3dde93663d4c4708b533216e9dca3f3b4489698261cd80fcef",
                "sha256:67e366efaea6e0b5971593a83d062cb7e4e09e03d29f8d5b825effdf5f516ad3",
                "sha256:67ee9d71af3db621aa637f96520a8df8534fcc64e881360d3ed3a07f7e47ed1b",
                "sha256:6bcbe2ea34c88cf736f157cf3d713c1af112f0d7a9eec390d69a9e042b7d76d4",
                "sha256:6d9ec6a214563d2edd46d1a553583782379a2cb1016e8cc6c524e011905433b1",
                "sha256:72bba6b388ba7c48a882bd58c86972aab73a30c3fb5b3341f28eb5bdc17365f8",
                "sha256:73fa449d9e551a063ff5c68b5d2cc0caaede5b59366d37457261ae3080f61fca",
                "sha256:74efd69ac9d06ce9f43a1f513cee8a82c314f85aa0bd74664abe9e608fb59ffd",
                "sha256:7554518934364b30d8da085f7a759ee3838c9ae4265b48beb82072f942b2816e",
                "sha256:7618abbac8999cd942be278130b88ac6ed364ba3446222f1db0faf4de7a052cf",
                "sha256:782ff781ae3c4956c15764aefc06ceb8c1c348794f09dfc8ebf62ff35166da1f",
                "sha256:7a6413b5f53d44e134276d5a3747b71d17cbc25177a50445458921424a760dcd",
                "sha256:7ad527ff1d398a703eba71ac270625087691e62efab8d0e331c53affe0628030",
                "sha256:8011a63692e9e32cdc3fac3dfd0beceece926e8b53fb91750037fc386917f90b",
                "sha256:82fe0a774204159383d1be993191d51500cb44adbd3e9287da801e4657c0d4b2",
                "sha256:84a2628a5377971d73c95014e540a51327eb27ffdfbab81e43eac494eced3dc2",
                "sha256:8562dd32b4d9810a0b9c04fe3d1ed8078f27d74e3738063162c677b253216666",
                "sha256:879bb9f11bad60a5588f5efb4e60f42844e4787ce7d5bb0f8eb8b87a835e914f",
                "sha256:8defbf10a731b44892001daa6903b2f2f7ad8c623a7b4d9ae6bd674592b1763e",
                "sha256:98fe712a82f65de536b65fa9af7601df4e8231f14e3b0b14ef22e16e30d2fbea",
                "sha256:993438edd54350133f7569a8691074a90aa2297def69ec0e7af34de3d175cd00",
                "sha256:9a3741359cbb1a9eb50188e8faa0ced96ca658eb85061786b7f686efa94c3604",
                "sha256:9b92c17b15bd5536c3e067051c67531adc81fcb6c1a699a760600ccd03dfcfba",
                "sha256:9f756d159099f154a21d73932f13c8ce27f45a1c892d9b19c66a1a2c50c18474",
                "sha256:a0bb2e5c0c9f964bf43a09a1cf37233ff96b3318c9a50b1b7c3d74a875b32072",
                "sha256:a102cd1fafee8919a069fed9ea40c1ffe4d6037fd5b0a7f47326c2f75f24f70f",
                "sha256:a2c8e06c3463746181255e03f07535c136f5346fb9c4a90eec2da27695102533",
                "sha256:a4212b66f9ae2e28ca1aa0307167ebfcdb2ca263a56b786cc572699e8a717f91",
                "sha256:a5e24317b0768789c52586a31284dec8ccafa2f6c128df2f2d79656142f1e794",
                "sha256:a7b839e5c038111fd2fbd09e83ca945da357d690e49cfa269c09aed239db9c2b",
                "sha256:a836a988ada812776af9ea6e88edf1e2eaaf38ebd545bbbcd500b2db0ced3a4f",
                "sha256:a86c308018b59b999cf3d5a16889d3a347b48a2d08f34fbb4e29d5dc05fa198a",
                "sha256:aa4513a7393055faef630dcfb4d10a339c47eeb943487c0e9063ba763b66cb73",
                "sha256:ab7e9b1846cc62739d9d293a94f704949b588afb9ed72db00e26b7fcdb4661a3",
                "sha256:ac5451951ce1e0616385e77de49afc7bd90bdf9d0aa99c0fd7b0bd23400db890",
                "sha256:acf24bc6aedd0a490af71591b99401867d4445d64db09a7bfe0bde3e8498cc8d",
                "sha256:adfc210df3d85017f5d2ef82db94d46b585ecbbd7357a6ee1c3bc125cc2658e2",
                "sha256:b0cefac8fedb3dbbf97542dc0c6fdd8bf09a210bf6fa5799083b7309fd97b1b2",
                "sha256:b153b846a6ac4b6eca71bb5f84d3dba51f3cd159f4322f5d67b2c41cf15973ad",
                "sha256:b661052a4762825790a728469f897c341558392342cb68a6c54708d4e5198254",
                "sha256:b8f0306dbc6605dd7f9e2dada33a3916c0c28f37128464de7153df7d8cf7a959",
                "sha256:ba3f27d82b45543a7d1488d151594915a6e67fb28bd4f21eb0901df2ba4ede86",
                "sha256:bbca4c4bc9854e3166474e471f3230989fd2baf32c915e363c32f91dc6ebb704",
                "sha256:be7c6343a7f24293a988e5a27c1e2f44f028476e35192e73663c4acec5c4766e",
                "sha256:c2ffed55994f5c73d34371474946767f936b0b83237f800be0f27a3e783baadb",
                "sha256:c30dbbe2f49056d4bd97a94c07a7fc0118ecc85661fdbaada36dfa9b14dc5962",
                "sha256:c3f7a6c6b78edd81fca0035fb7a156a79f25919e1b0598afb483c26513d562f1",
                "sha256:c42fcddc955d84164667d899e8d4bbb763f4bc029fe72642a65df7382c46fe94",
                "sha256:c65080bbba08ce07b136490b4df3d0907ec3dd76c3c5d47fda011002420f6d31",
                "sha256:c87146e9c2c196c012e97273f82215e2239b9bffcbb6c7802bbbedac87be2358",
                "sha256:c99838782dbec7f0c5cba1a6d4faa8e2da2b522423aa36a7f383a2265ac0ae3f",
                "sha256:cadccf651900e3858e55dfd762d5de0786aec853f1fb26183905ddee233183b4",
                "sha256:cb530a9fb7ed13a1a49bda81db2def4c73b7fef0fd1bb969b1d7605121869230",
                "sha256:cc178297951343c8d8cd8a391999abf0024ca319671418f98dea0d7e71354126",
                "sha256:d6a8a1da9205de97eea14aaa731c657fa8decd2d6878ee3d2d4bf33291960216",
                "sha256:da61c6d7b6288d29db5be77048176f41f7320316997fced28b5415e1f939448e",
                "sha256:de91007504b475a93d8b0949db9dec86d39c0306de9914f7b9087daeb3d9fbaf",
                "sha256:e15587b2bdf18d32eb3ba25f5f5a51bedd0dc06b3112a4c53dab5e7753bc6588",
                "sha256:e3d80bc6722652c847e5f503c2ce94a641b016059ec45bde4e1f13454b33e904",
                "sha256:e4fd5e8a2e1b898ebc91faf6e1938bde38a4d20ee8ea49835e9adadd9b87c97c",
                "sha256:e60254ac626790c8c95415b095c6831056ca57a5d31839564210530c3278f170",
                "sha256:e6993e46c81702d0bb39aad83ceb228cec087bc321782fbd2c6ddff7c653dcc8",
                "sha256:e76735a285e834fc9db560de11e086453128c1177950a15c3404fe16c7d76f5e",
                "sha256:e98a7b510aaaf0d7368b7cb983d3106aecd28abdfa4b4593b80e7f4ab5af0a97",
                "sha256:e9f4f29c0338e5862ebc3b88091d29ff28d44ab80381f238da08aabb054777c2",
                "sha256:ed974048a4ced6e7b5d1cfcb83c046e70bf31b8a28eacfee3afa62f8690dee69",
                "sha256:edddd6d885c7195ba7734936bc1efc8a37de18ec886a8be44a484980da87947e",
                "sha256:f16a2247c27f4db3f8d01665ee97d46eaf0240b7a9feae16c17e906a3bb9a794",
                "sha256:f62ee2eae65b72e034a24ac2bacd78d48845193168b54407e93bccd3772b247f",
                "sha256:f69cacb3d983200114e48ec0c894e28690926f166b71202f75e976d5cd588be9",
                "sha256:f8c492d90b41c510d799cc37c27892b149be77e225df6446854ce0b164e243a3",
                "sha256:fbc7ac38de41052599f1e27edf4f33c02d5aea6810ee299825a81863a32e26a0",
                "sha256:ff62c1c174ceae7ef0456702f9eff1f3d76590c075b9c984c459d734f73fc766",
                "sha256:ff6b6b47da38223803aa3e7aab356f84e0636ecdbd43fa4bd11dbc00a923d474",
                "sha256:ffa74d8601e26570f1d0e3042fda6eb26b64ba8d8dfe9b96d0bf90a6f0d81582"
            ],
            "version": "==2.8.3"
        },
        "bitstring": {
            "hashes": [
                "sha256:94f3f1c45383ebe8fd4a359424ffeb75c2f290760ae8fcac421b44f89ac85213",
                "sha256:da46c4d6f8f3fb75a85566fdd33d5083ba8b8f268ed76f34eefe5a00da426192"
            ],
            "index": "pypi",
            "version": "==4.1.4"
        },
        "certifi": {
            "hashes": [
                "sha256:9b469f3a900bf28dc19b8cfbf8019bf47f7fdd1a65a1d4ffb98fc14166beb4d1",
                "sha256:e036ab49d5b79556f99cfc2d9320b34cfbe5be05c5871b51de9329f0603b0474"
            ],
            "markers": "python_version >= '3.6'",
            "version": "==2023.11.17"
        },
        "charset-normalizer": {
            "hashes": [
                "sha256:06435b539f889b1f6f4ac1758871aae42dc3a8c0e24ac9e60c2384973ad73027",
                "sha256:06a81e93cd441c56a9b65d8e1d043daeb97a3d0856d177d5c90ba85acb3db087",
                "sha256:0a55554a2fa0d408816b3b5cedf0045f4b8e1a6065aec45849de2d6f3f8e9786",
                "sha256:0b2b64d2bb6d3fb9112bafa732def486049e63de9618b5843bcdd081d8144cd8",
                "sha256:10955842570876604d404661fbccbc9c7e684caf432c09c715ec38fbae45ae09",
                "sha256:122c7fa62b130ed55f8f285bfd56d5f4b4a5b503609d181f9ad85e55c89f4185",
                "sha256:1ceae2f17a9c33cb48e3263960dc5fc8005351ee19db217e9b1bb15d28c02574",
                "sha256:1d3193f4a680c64b4b6a9115943538edb896edc190f0b222e73761716519268e",
                "sha256:1f79682fbe303db92bc2b1136016a38a42e835d932bab5b3b1bfcfbf0640e519",
                "sha256:2127566c664442652f024c837091890cb1942c30937add288223dc895793f898",
                "sha256:22afcb9f253dac0696b5a4be4a1c0f8762f8239e21b99680099abd9b2b1b2269",
                "sha256:25baf083bf6f6b341f4121c2f3c548875ee6f5339300e08be3f2b2ba1721cdd3",
                "sha256:2e81c7b9c8979ce92ed306c249d46894776a909505d8f5a4ba55b14206e3222f",
                "sha256:3287761bc4ee9e33561a7e058c72ac0938c4f57fe49a09eae428fd88aafe7bb6",
                "sha256:34d1c8da1e78d2e001f363791c98a272bb734000fcef47a491c1e3b0505657a8",
                "sha256:37e55c8e51c236f95b033f6fb391d7d7970ba5fe7ff453dad675e88cf303377a",
                "sha256:3d47fa203a7bd9c5b6cee4736ee84ca03b8ef23193c0d1ca99b5089f72645c73",
                "sha256:3e4d1f6587322d2788836a99c69062fbb091331ec940e02d12d179c1d53e25fc",
                "sha256:42cb296636fcc8b0644486d15c12376cb9fa75443e00fb25de0b8602e64c1714",
                "sha256:45485e01ff4d3630ec0d9617310448a8702f70e9c01906b0d0118bdf9d124cf2",
                "sha256:4a78b2b446bd7c934f5dcedc588903fb2f5eec172f3d29e52a9096a43722adfc",
                "sha256:4ab2fe47fae9e0f9dee8c04187ce5d09f48eabe611be8259444906793ab7cbce",
                "sha256:4d0d1650369165a14e14e1e47b372cfcb31d6ab44e6e33cb2d4e57265290044d",
                "sha256:549a3a73da901d5bc3ce8d24e0600d1fa85524c10287f6004fbab87672bf3e1e",
                "sha256:55086ee1064215781fff39a1af09518bc9255b50d6333f2e4c74ca09fac6a8f6",
                "sha256:572c3763a264ba47b3cf708a44ce965d98555f618ca42c926a9c1616d8f34269",
                "sha256:573f6eac48f4769d667c4442081b1794f52919e7edada77495aaed9236d13a96",
                "sha256:5b4c145409bef602a690e7cfad0a15a55c13320ff7a3ad7ca59c13bb8ba4d45d",
                "sha256:6463effa3186ea09411d50efc7d85360b38d5f09b870c48e4600f63af490e56a",
                "sha256:65f6f63034100ead094b8744b3b97965785388f308a64cf8d7c34f2f2e5be0c4",
                "sha256:663946639d296df6a2bb2aa51b60a2454ca1cb29835324c640dafb5ff2131a77",
                "sha256:6897af51655e3691ff853668779c7bad41579facacf5fd7253b0133308cf000d",
                "sha256:68d1f8a9e9e37c1223b656399be5d6b448dea850bed7d0f87a8311f1ff3dabb0",
                "sha256:6ac7ffc7ad6d040517be39eb591cac5ff87416c2537df6ba3cba3bae290c0fed",
                "sha256:6b3251890fff30ee142c44144871185dbe13b11bab478a88887a639655be1068",
                "sha256:6c4caeef8fa63d06bd437cd4bdcf3ffefe6738fb1b25951440d80dc7df8c03ac",
                "sha256:6ef1d82a3af9d3eecdba2321dc1b3c238245d890843e040e41e470ffa64c3e25",
                "sha256:753f10e867343b4511128c6ed8c82f7bec3bd026875576dfd88483c5c73b2fd8",
                "sha256:7cd13a2e3ddeed6913a65e66e94b51d80a041145a026c27e6bb76c31a853c6ab",
                "sha256:7ed9e526742851e8d5cc9e6cf41427dfc6068d4f5a3bb03659444b4cabf6bc26",
                "sha256:7f04c839ed0b6b98b1a7501a002144b76c18fb1c1850c8b98d458ac269e26ed2",
                "sha256:802fe99cca7457642125a8a88a084cef28ff0cf9407060f7b93dca5aa25480db",
                "sha256:80402cd6ee291dcb72644d6eac93785fe2c8b9cb30893c1af5b8fdd753b9d40f",
                "sha256:8465322196c8b4d7ab6d1e049e4c5cb460d0394da4a27d23cc242fbf0034b6b5",
                "sha256:86216b5cee4b06df986d214f664305142d9c76df9b6512be2738aa72a2048f99",
                "sha256:87d1351268731db79e0f8e745d92493ee2841c974128ef629dc518b937d9194c",
                "sha256:8bdb58ff7ba23002a4c5808d608e4e6c687175724f54a5dade5fa8c67b604e4d",
                "sha256:8c622a5fe39a48f78944a87d4fb8a53ee07344641b0562c540d840748571b811",
                "sha256:8d756e44e94489e49571086ef83b2bb8ce311e730092d2c34ca8f7d925cb20aa",
                "sha256:8f4a014bc36d3c57402e2977dada34f9c12300af536839dc38c0beab8878f38a",
                "sha256:9063e24fdb1e498ab71cb7419e24622516c4a04476b17a2dab57e8baa30d6e03",
                "sha256:90d558489962fd4918143277a773316e56c72da56ec7aa3dc3dbbe20fdfed15b",
                "sha256:923c0c831b7cfcb071580d3f46c4baf50f174be571576556269530f4bbd79d04",
                "sha256:95f2a5796329323b8f0512e09dbb7a1860c46a39da62ecb2324f116fa8fdc85c",
                "sha256:96b02a3dc4381e5494fad39be677abcb5e6634bf7b4fa83a6dd3112607547001",
                "sha256:9f96df6923e21816da7e0ad3fd47dd8f94b2a5ce594e00677c0013018b813458",
                "sha256:a10af20b82360ab00827f916a6058451b723b4e65030c5a18577c8b2de5b3389",
                "sha256:a50aebfa173e157099939b17f18600f72f84eed3049e743b68ad15bd69b6bf99",
                "sha256:a981a536974bbc7a512cf44ed14938cf01030a99e9b3a06dd59578882f06f985",
                "sha256:a9a8e9031d613fd2009c182b69c7b2c1ef8239a0efb1df3f7c8da66d5dd3d537",
                "sha256:ae5f4161f18c61806f411a13b0310bea87f987c7d2ecdbdaad0e94eb2e404238",
                "sha256:aed38f6e4fb3f5d6bf81bfa990a07806be9d83cf7bacef998ab1a9bd660a581f",
                "sha256:b01b88d45a6fcb69667cd6d2f7a9aeb4bf53760d7fc536bf679ec94fe9f3ff3d",
                "sha256:b261ccdec7821281dade748d088bb6e9b69e6d15b30652b74cbbac25e280b796",
                "sha256:b2b0a0c0517616b6869869f8c581d4eb2dd83a4d79e0ebcb7d373ef9956aeb0a",
                "sha256:b4a23f61ce87adf89be746c8a8974fe1c823c891d8f86eb218bb957c924bb143",
                "sha256:bd8f7df7d12c2db9fab40bdd87a7c09b1530128315d047a086fa3ae3435cb3a8",
                "sha256:beb58fe5cdb101e3a055192ac291b7a21e3b7ef4f67fa1d74e331a7f2124341c",
                "sha256:c002b4ffc0be611f0d9da932eb0f704fe2602a9a949d1f738e4c34c75b0863d5",
                "sha256:c083af607d2515612056a31f0a8d9e0fcb5876b7bfc0abad3ecd275bc4ebc2d5",
                "sha256:c180f51afb394e165eafe4ac2936a14bee3eb10debc9d9e4db8958fe36afe711",
                "sha256:c235ebd9baae02f1b77bcea61bce332cb4331dc3617d254df3323aa01ab47bd4",
                "sha256:cd70574b12bb8a4d2aaa0094515df2463cb429d8536cfb6c7ce983246983e5a6",
                "sha256:d0eccceffcb53201b5bfebb52600a5fb483a20b61da9dbc885f8b103cbe7598c",
                "sha256:d965bba47ddeec8cd560687584e88cf699fd28f192ceb452d1d7ee807c5597b7",
                "sha256:db364eca23f876da6f9e16c9da0df51aa4f104a972735574842618b8c6d999d4",
                "sha256:ddbb2551d7e0102e7252db79ba445cdab71b26640817ab1e3e3648dad515003b",
                "sha256:deb6be0ac38ece9ba87dea880e438f25ca3eddfac8b002a2ec3d9183a454e8ae",
                "sha256:e06ed3eb3218bc64786f7db41917d4e686cc4856944f53d5bdf83a6884432e12",
                "sha256:e27ad930a842b4c5eb8ac0016b0a54f5aebbe679340c26101df33424142c143c",
                "sha256:e537484df0d8f426ce2afb2d0f8e1c3d0b114b83f8850e5f2fbea0e797bd82ae",
                "sha256:eb00ed941194665c332bf8e078baf037d6c35d7c4f3102ea2d4f16ca94a26dc8",
                "sha256:eb6904c354526e758fda7167b33005998fb68c46fbc10e013ca97f21ca5c8887",
                "sha256:eb8821e09e916165e160797a6c17edda0679379a4be5c716c260e836e122f54b",
                "sha256:efcb3f6676480691518c177e3b465bcddf57cea040302f9f4e6e191af91174d4",
                "sha256:f27273b60488abe721a075bcca6d7f3964f9f6f067c8c4c605743023d7d3944f",
                "sha256:f30c3cb33b24454a82faecaf01b19c18562b1e89558fb6c56de4d9118a032fd5",
                "sha256:fb69256e180cb6c8a894fee62b3afebae785babc1ee98b81cdf68bbca1987f33",
                "sha256:fd1abc0d89e30cc4e02e4064dc67fcc51bd941eb395c502aac3ec19fab46b519",
                "sha256:ff8fa367d09b717b2a17a052544193ad76cd49979c805768879cb63d9ca50561"
            ],
            "markers": "python_full_version >= '3.7.0'",
            "version": "==3.3.2"
        },
        "idna": {
            "hashes": [
                "sha256:9ecdbbd083b06798ae1e86adcbfe8ab1479cf864e4ee30fe4e46a003d12491ca",
                "sha256:c05567e9c24a6b9faaa835c4821bad0590fbb9d5779e7caa6e1cc4978e7eb24f"
            ],
            "markers": "python_version >= '3.5'",
            "version": "==3.6"
        },
        "ipaddress": {
            "hashes": [
                "sha256:6e0f4a39e66cb5bb9a137b00276a2eff74f93b71dcbdad6f10ff7df9d3557fcc",
                "sha256:b7f8e0369580bb4a24d5ba1d7cc29660a4a6987763faf1d8a8046830e020e7e2"
            ],
            "index": "pypi",
            "version": "==1.0.23"
        },
        "pubsub": {
            "hashes": [
                "sha256:9b91d0e492f7a1f07de8bea9bc381897d42e33cd1e348192699eb8bb436c8a55"
            ],
            "index": "pypi",
            "version": "==0.1.2"
        },
        "pypubsub": {
            "hashes": [
                "sha256:7f716bae9388afe01ff82b264ba8a96a8ae78b42bb1f114f2716ca8f9e404e2a"
            ],
            "index": "pypi",
            "version": "==4.0.3"
        },
        "requests": {
            "hashes": [
                "sha256:58cd2187c01e70e6e26505bca751777aa9f2ee0b7f4300988b709f44e013003f",
                "sha256:942c5a758f98d790eaed1a29cb6eefc7ffb0d1cf7af05c3d2791656dbd6ad1e1"
            ],
            "index": "pypi",
            "version": "==2.31.0"
        },
        "six": {
            "hashes": [
                "sha256:1e61c37477a1626458e36f7b1d82aa5c9b094fa4802892072e49de9c60c4c926",
                "sha256:8abb2f1d86890a2dfb989f9a77cfcfd3e47c2a354b01111771326f8aa26e0254"
            ],
            "markers": "python_version >= '2.7' and python_version not in '3.0, 3.1, 3.2, 3.3'",
            "version": "==1.16.0"
        },
        "urllib3": {
            "hashes": [
                "sha256:55901e917a5896a349ff771be919f8bd99aff50b79fe58fec595eb37bbc56bb3",
                "sha256:df7aa8afb0148fa78488e7899b2c59b5f4ffcfa82e6c54ccb9dd37c1d7b52d54"
            ],
            "markers": "python_version >= '3.8'",
            "version": "==2.1.0"
        }
    },
    "develop": {}
}
